
Microsoft Visual Studio Solution File, Format Version 12.00
# Visual Studio Version 17
VisualStudioVersion = 17.5.33502.453
MinimumVisualStudioVersion = 10.0.40219.1
Project("{9092AA53-FB77-4645-B42D-1CCCA6BD08BD}") = "ADRESjs", "ADRESjs.njsproj", "{9555C1EC-A355-4495-8168-94FF84249763}"
EndProject
Global
	GlobalSection(SolutionConfigurationPlatforms) = preSolution
		Debug|Any CPU = Debug|Any CPU
		Release|Any CPU = Release|Any CPU
	EndGlobalSection
	GlobalSection(ProjectConfigurationPlatforms) = postSolution
		{9555C1EC-A355-4495-8168-94FF84249763}.Debug|Any CPU.ActiveCfg = Debug|Any CPU
		{9555C1EC-A355-4495-8168-94FF84249763}.Debug|Any CPU.Build.0 = Debug|Any CPU
		{9555C1EC-A355-4495-8168-94FF84249763}.Release|Any CPU.ActiveCfg = Release|Any CPU
		{9555C1EC-A355-4495-8168-94FF84249763}.Release|Any CPU.Build.0 = Release|Any CPU
	EndGlobalSection
	GlobalSection(SolutionProperties) = preSolution
		HideSolutionNode = FALSE
	EndGlobalSection
	GlobalSection(ExtensibilityGlobals) = postSolution
		SolutionGuid = {E7E9775B-23BF-406E-8E9D-2020B81980C4}
	EndGlobalSection
EndGlobal
